// !$*UTF8*$!
{
	archiveVersion = 1;
	classes = {
	};
	objectVersion = 50;
	objects = {

/* Begin PBXBuildFile section */
		1915AD2221C15FB200CF0E2F /* VideoManager.swift in Sources */ = {isa = PBXBuildFile; fileRef = 1915AD2121C15FB200CF0E2F /* VideoManager.swift */; };
		19C227CD21A3372400BB4BC3 /* TVViewController.swift in Sources */ = {isa = PBXBuildFile; fileRef = 19C227CC21A3372400BB4BC3 /* TVViewController.swift */; };
		19FA365D21A8202400E3B1C0 /* UIImage+CKAsset.swift in Sources */ = {isa = PBXBuildFile; fileRef = 19FA365A21A8202300E3B1C0 /* UIImage+CKAsset.swift */; };
		19FA365E21A8202400E3B1C0 /* UIImage+CKAsset.swift in Sources */ = {isa = PBXBuildFile; fileRef = 19FA365A21A8202300E3B1C0 /* UIImage+CKAsset.swift */; };
		19FA365F21A8202400E3B1C0 /* UIImage+CKAsset.swift in Sources */ = {isa = PBXBuildFile; fileRef = 19FA365A21A8202300E3B1C0 /* UIImage+CKAsset.swift */; };
		19FA366021A8202400E3B1C0 /* ServiceMessage.swift in Sources */ = {isa = PBXBuildFile; fileRef = 19FA365B21A8202300E3B1C0 /* ServiceMessage.swift */; };
		19FA366121A8202400E3B1C0 /* ServiceMessage.swift in Sources */ = {isa = PBXBuildFile; fileRef = 19FA365B21A8202300E3B1C0 /* ServiceMessage.swift */; };
		19FA366221A8202400E3B1C0 /* ServiceMessage.swift in Sources */ = {isa = PBXBuildFile; fileRef = 19FA365B21A8202300E3B1C0 /* ServiceMessage.swift */; };
		19FA366321A8202400E3B1C0 /* TV.swift in Sources */ = {isa = PBXBuildFile; fileRef = 19FA365C21A8202300E3B1C0 /* TV.swift */; };
		19FA366421A8202400E3B1C0 /* TV.swift in Sources */ = {isa = PBXBuildFile; fileRef = 19FA365C21A8202300E3B1C0 /* TV.swift */; };
		19FA366521A8202400E3B1C0 /* TV.swift in Sources */ = {isa = PBXBuildFile; fileRef = 19FA365C21A8202300E3B1C0 /* TV.swift */; };
		19FA366821A8203D00E3B1C0 /* CKController.swift in Sources */ = {isa = PBXBuildFile; fileRef = 19FA366621A8203D00E3B1C0 /* CKController.swift */; };
		19FA366921A8203D00E3B1C0 /* CKController.swift in Sources */ = {isa = PBXBuildFile; fileRef = 19FA366621A8203D00E3B1C0 /* CKController.swift */; };
		19FA366A21A821A200E3B1C0 /* GlobalMessage.swift in Sources */ = {isa = PBXBuildFile; fileRef = 9904CA6A217DDBAD00210884 /* GlobalMessage.swift */; };
		19FA366B21A8226500E3B1C0 /* CloudKit.framework in Frameworks */ = {isa = PBXBuildFile; fileRef = 99AC097A2174F4B000CFCAD0 /* CloudKit.framework */; };
		51B3F4D35CD099A47581DEC1 /* Pods_ShareExtension.framework in Frameworks */ = {isa = PBXBuildFile; fileRef = 7B8BD54B923A7ECE82347270 /* Pods_ShareExtension.framework */; };
		5DCC34A91F76E25443F254F3 /* Pods_Viewer_iOs.framework in Frameworks */ = {isa = PBXBuildFile; fileRef = D4B06A49A2CE53E02260DED8 /* Pods_Viewer_iOs.framework */; };
		656887F421C919F400EBD49B /* TvListViewController.swift in Sources */ = {isa = PBXBuildFile; fileRef = 99F6B24721A2FF5D00B3FA65 /* TvListViewController.swift */; };
		656887F521C91A2400EBD49B /* GroupsCollectionViewCell.swift in Sources */ = {isa = PBXBuildFile; fileRef = 99F596C221A30F9000E999D7 /* GroupsCollectionViewCell.swift */; };
		656887F621C91A3400EBD49B /* BorderCollectionViewCell.swift in Sources */ = {isa = PBXBuildFile; fileRef = 991AB6B621A30D8300D0565E /* BorderCollectionViewCell.swift */; };
		656887F721C91A3C00EBD49B /* PosterViewController.swift in Sources */ = {isa = PBXBuildFile; fileRef = 99DE995521AD7FBF00D01FF5 /* PosterViewController.swift */; };
		656887F821C91A4400EBD49B /* ImagePickerCollectionViewCell.swift in Sources */ = {isa = PBXBuildFile; fileRef = 99DE995E21ADF7DD00D01FF5 /* ImagePickerCollectionViewCell.swift */; };
		656887FA21C9450F00EBD49B /* SharePosterViewController.swift in Sources */ = {isa = PBXBuildFile; fileRef = 656887F921C9450F00EBD49B /* SharePosterViewController.swift */; };
		65D9BAC221C9612E000466BA /* ShareBackgroundViewController.swift in Sources */ = {isa = PBXBuildFile; fileRef = 65D9BAC121C9612E000466BA /* ShareBackgroundViewController.swift */; };
		65D9BAC421C9664A000466BA /* Assets.xcassets in Resources */ = {isa = PBXBuildFile; fileRef = 99AC096F2174E9C200CFCAD0 /* Assets.xcassets */; };
		9904CA5F217BDCED00210884 /* BoardViewController.swift in Sources */ = {isa = PBXBuildFile; fileRef = 9904CA5E217BDCED00210884 /* BoardViewController.swift */; };
		9904CA67217DC5F100210884 /* GlobalMessageTableViewCell.swift in Sources */ = {isa = PBXBuildFile; fileRef = 9904CA66217DC5F100210884 /* GlobalMessageTableViewCell.swift */; };
		9904CA6B217DDBAD00210884 /* GlobalMessage.swift in Sources */ = {isa = PBXBuildFile; fileRef = 9904CA6A217DDBAD00210884 /* GlobalMessage.swift */; };
		991AB6B721A30D8300D0565E /* BorderCollectionViewCell.swift in Sources */ = {isa = PBXBuildFile; fileRef = 991AB6B621A30D8300D0565E /* BorderCollectionViewCell.swift */; };
		992C547021AD5C3300E05494 /* BooquableManager.swift in Sources */ = {isa = PBXBuildFile; fileRef = 99FA31B121A45A1B00A31F02 /* BooquableManager.swift */; };
		992C547221AD5C3300E05494 /* BooquableOrder.swift in Sources */ = {isa = PBXBuildFile; fileRef = 99FA31B321A4637900A31F02 /* BooquableOrder.swift */; };
		99308B7721A6FAE500EA0F9C /* ShareViewController.swift in Sources */ = {isa = PBXBuildFile; fileRef = 99308B7621A6FAE500EA0F9C /* ShareViewController.swift */; };
		99308B7A21A6FAE500EA0F9C /* MainInterface.storyboard in Resources */ = {isa = PBXBuildFile; fileRef = 99308B7821A6FAE500EA0F9C /* MainInterface.storyboard */; };
		99308B7E21A6FAE500EA0F9C /* ShareExtension.appex in Embed App Extensions */ = {isa = PBXBuildFile; fileRef = 99308B7421A6FAE500EA0F9C /* ShareExtension.appex */; settings = {ATTRIBUTES = (RemoveHeadersOnCopy, ); }; };
		994CDB8621A06FBF005909BF /* CloudKit.framework in Frameworks */ = {isa = PBXBuildFile; fileRef = 994CDB8521A06FBF005909BF /* CloudKit.framework */; };
		995801D521E0BF6800A6BD49 /* README.md in Resources */ = {isa = PBXBuildFile; fileRef = 995801D421E0BF6800A6BD49 /* README.md */; };
		996353E82195E2E500AE8AAE /* GlobalMessageView.swift in Sources */ = {isa = PBXBuildFile; fileRef = 996353E72195E2E500AE8AAE /* GlobalMessageView.swift */; };
		9964188A2180C6DA005267E4 /* MessagesTableViewCell.swift in Sources */ = {isa = PBXBuildFile; fileRef = 996418892180C6DA005267E4 /* MessagesTableViewCell.swift */; };
		9986D1C021EFA3A20051AD85 /* SummaryViewController.swift in Sources */ = {isa = PBXBuildFile; fileRef = 9986D1BF21EFA3A20051AD85 /* SummaryViewController.swift */; };
		99AC09542174E6B100CFCAD0 /* AppDelegate.swift in Sources */ = {isa = PBXBuildFile; fileRef = 99AC09532174E6B100CFCAD0 /* AppDelegate.swift */; };
		99AC09592174E6B100CFCAD0 /* Main.storyboard in Resources */ = {isa = PBXBuildFile; fileRef = 99AC09572174E6B100CFCAD0 /* Main.storyboard */; };
		99AC095B2174E6B300CFCAD0 /* Assets.xcassets in Resources */ = {isa = PBXBuildFile; fileRef = 99AC095A2174E6B300CFCAD0 /* Assets.xcassets */; };
		99AC09692174E9C100CFCAD0 /* AppDelegate.swift in Sources */ = {isa = PBXBuildFile; fileRef = 99AC09682174E9C100CFCAD0 /* AppDelegate.swift */; };
		99AC096E2174E9C100CFCAD0 /* Main.storyboard in Resources */ = {isa = PBXBuildFile; fileRef = 99AC096C2174E9C100CFCAD0 /* Main.storyboard */; };
		99AC09702174E9C200CFCAD0 /* Assets.xcassets in Resources */ = {isa = PBXBuildFile; fileRef = 99AC096F2174E9C200CFCAD0 /* Assets.xcassets */; };
		99AC09732174E9C200CFCAD0 /* LaunchScreen.storyboard in Resources */ = {isa = PBXBuildFile; fileRef = 99AC09712174E9C200CFCAD0 /* LaunchScreen.storyboard */; };
		99AC097B2174F4B000CFCAD0 /* CloudKit.framework in Frameworks */ = {isa = PBXBuildFile; fileRef = 99AC097A2174F4B000CFCAD0 /* CloudKit.framework */; };
		99B66A6321C1613000135680 /* TickerViewController.swift in Sources */ = {isa = PBXBuildFile; fileRef = 99B66A6221C1613000135680 /* TickerViewController.swift */; };
		99DE995221AD5FA500D01FF5 /* PropsTableViewCell.swift in Sources */ = {isa = PBXBuildFile; fileRef = 99DE995121AD5FA500D01FF5 /* PropsTableViewCell.swift */; };
		99DE995621AD7FBF00D01FF5 /* PosterViewController.swift in Sources */ = {isa = PBXBuildFile; fileRef = 99DE995521AD7FBF00D01FF5 /* PosterViewController.swift */; };
		99DE995821AD809D00D01FF5 /* BooquableTableViewController.swift in Sources */ = {isa = PBXBuildFile; fileRef = 99DE995721AD809D00D01FF5 /* BooquableTableViewController.swift */; };
		99DE995D21ADF55A00D01FF5 /* ImagePickerViewController.swift in Sources */ = {isa = PBXBuildFile; fileRef = 99DE995C21ADF55A00D01FF5 /* ImagePickerViewController.swift */; };
		99DE995F21ADF7DD00D01FF5 /* ImagePickerCollectionViewCell.swift in Sources */ = {isa = PBXBuildFile; fileRef = 99DE995E21ADF7DD00D01FF5 /* ImagePickerCollectionViewCell.swift */; };
		99E378FC21EA274D006380F7 /* LiveViewController.swift in Sources */ = {isa = PBXBuildFile; fileRef = 99E378FB21EA274D006380F7 /* LiveViewController.swift */; };
		99E378FE21EA2ED0006380F7 /* NoLivePrompView.swift in Sources */ = {isa = PBXBuildFile; fileRef = 99E378FD21EA2ED0006380F7 /* NoLivePrompView.swift */; };
		99E3790221EBDF27006380F7 /* UsageStatistic.swift in Sources */ = {isa = PBXBuildFile; fileRef = 99E3790121EBDF27006380F7 /* UsageStatistic.swift */; };
		99F596C321A30F9000E999D7 /* GroupsCollectionViewCell.swift in Sources */ = {isa = PBXBuildFile; fileRef = 99F596C221A30F9000E999D7 /* GroupsCollectionViewCell.swift */; };
		99F6B24221A2F82000B3FA65 /* EditMessageViewController.swift in Sources */ = {isa = PBXBuildFile; fileRef = 99F6B24021A2F82000B3FA65 /* EditMessageViewController.swift */; };
		99F6B24321A2F82000B3FA65 /* MessagesTableViewController.swift in Sources */ = {isa = PBXBuildFile; fileRef = 99F6B24121A2F82000B3FA65 /* MessagesTableViewController.swift */; };
		99F6B24621A2F9DB00B3FA65 /* MenuViewController.swift in Sources */ = {isa = PBXBuildFile; fileRef = 99F6B24521A2F9DB00B3FA65 /* MenuViewController.swift */; };
		99F6B24821A2FF5D00B3FA65 /* TvListViewController.swift in Sources */ = {isa = PBXBuildFile; fileRef = 99F6B24721A2FF5D00B3FA65 /* TvListViewController.swift */; };
		99F6B24E21A3040300B3FA65 /* GlassOfficeViewController.swift in Sources */ = {isa = PBXBuildFile; fileRef = 99F6B24D21A3040300B3FA65 /* GlassOfficeViewController.swift */; };
		99F6B25021A306EA00B3FA65 /* GlobalMessage.swift in Sources */ = {isa = PBXBuildFile; fileRef = 9904CA6A217DDBAD00210884 /* GlobalMessage.swift */; };
		99FA31AD21A41EDB00A31F02 /* CKController.swift in Sources */ = {isa = PBXBuildFile; fileRef = 99FA31AC21A41EDB00A31F02 /* CKController.swift */; };
		99FA31AF21A449ED00A31F02 /* GlassOfficeTableViewCell.swift in Sources */ = {isa = PBXBuildFile; fileRef = 99FA31AE21A449ED00A31F02 /* GlassOfficeTableViewCell.swift */; };
		99FA31B221A45A1B00A31F02 /* BooquableManager.swift in Sources */ = {isa = PBXBuildFile; fileRef = 99FA31B121A45A1B00A31F02 /* BooquableManager.swift */; };
		99FA31B421A4637900A31F02 /* BooquableOrder.swift in Sources */ = {isa = PBXBuildFile; fileRef = 99FA31B321A4637900A31F02 /* BooquableOrder.swift */; };
		B3E9AE6B276920812842D5DC /* Pods_Viewer.framework in Frameworks */ = {isa = PBXBuildFile; fileRef = D64EE5E4E2D322DB311A9224 /* Pods_Viewer.framework */; };
/* End PBXBuildFile section */

/* Begin PBXContainerItemProxy section */
		99308B7C21A6FAE500EA0F9C /* PBXContainerItemProxy */ = {
			isa = PBXContainerItemProxy;
			containerPortal = 99AC09482174E6B100CFCAD0 /* Project object */;
			proxyType = 1;
			remoteGlobalIDString = 99308B7321A6FAE500EA0F9C;
			remoteInfo = ShareExtension;
		};
/* End PBXContainerItemProxy section */

/* Begin PBXCopyFilesBuildPhase section */
		99308B8221A6FAE500EA0F9C /* Embed App Extensions */ = {
			isa = PBXCopyFilesBuildPhase;
			buildActionMask = 2147483647;
			dstPath = "";
			dstSubfolderSpec = 13;
			files = (
				99308B7E21A6FAE500EA0F9C /* ShareExtension.appex in Embed App Extensions */,
			);
			name = "Embed App Extensions";
			runOnlyForDeploymentPostprocessing = 0;
		};
		995801FD21E34F4C00A6BD49 /* Embed Watch Content */ = {
			isa = PBXCopyFilesBuildPhase;
			buildActionMask = 2147483647;
			dstPath = "$(CONTENTS_FOLDER_PATH)/Watch";
			dstSubfolderSpec = 16;
			files = (
			);
			name = "Embed Watch Content";
			runOnlyForDeploymentPostprocessing = 0;
		};
/* End PBXCopyFilesBuildPhase section */

/* Begin PBXFileReference section */
		1915AD2121C15FB200CF0E2F /* VideoManager.swift */ = {isa = PBXFileReference; lastKnownFileType = sourcecode.swift; path = VideoManager.swift; sourceTree = "<group>"; };
		19C227CC21A3372400BB4BC3 /* TVViewController.swift */ = {isa = PBXFileReference; lastKnownFileType = sourcecode.swift; path = TVViewController.swift; sourceTree = "<group>"; };
		19FA365A21A8202300E3B1C0 /* UIImage+CKAsset.swift */ = {isa = PBXFileReference; fileEncoding = 4; lastKnownFileType = sourcecode.swift; path = "UIImage+CKAsset.swift"; sourceTree = "<group>"; };
		19FA365B21A8202300E3B1C0 /* ServiceMessage.swift */ = {isa = PBXFileReference; fileEncoding = 4; lastKnownFileType = sourcecode.swift; path = ServiceMessage.swift; sourceTree = "<group>"; };
		19FA365C21A8202300E3B1C0 /* TV.swift */ = {isa = PBXFileReference; fileEncoding = 4; lastKnownFileType = sourcecode.swift; path = TV.swift; sourceTree = "<group>"; };
		19FA366621A8203D00E3B1C0 /* CKController.swift */ = {isa = PBXFileReference; fileEncoding = 4; lastKnownFileType = sourcecode.swift; path = CKController.swift; sourceTree = "<group>"; };
		1F6815584B256216294B6F83 /* Pods-ShareExtension.debug.xcconfig */ = {isa = PBXFileReference; includeInIndex = 1; lastKnownFileType = text.xcconfig; name = "Pods-ShareExtension.debug.xcconfig"; path = "Pods/Target Support Files/Pods-ShareExtension/Pods-ShareExtension.debug.xcconfig"; sourceTree = "<group>"; };
		24AED3E0F51268D6EAB55BF0 /* Pods-Viewer iOs.release.xcconfig */ = {isa = PBXFileReference; includeInIndex = 1; lastKnownFileType = text.xcconfig; name = "Pods-Viewer iOs.release.xcconfig"; path = "Pods/Target Support Files/Pods-Viewer iOs/Pods-Viewer iOs.release.xcconfig"; sourceTree = "<group>"; };
		601F4B5E7C5F3E12B6471F5D /* Pods-Viewer iOs.debug.xcconfig */ = {isa = PBXFileReference; includeInIndex = 1; lastKnownFileType = text.xcconfig; name = "Pods-Viewer iOs.debug.xcconfig"; path = "Pods/Target Support Files/Pods-Viewer iOs/Pods-Viewer iOs.debug.xcconfig"; sourceTree = "<group>"; };
		656887F921C9450F00EBD49B /* SharePosterViewController.swift */ = {isa = PBXFileReference; lastKnownFileType = sourcecode.swift; path = SharePosterViewController.swift; sourceTree = "<group>"; };
		65D9BAC121C9612E000466BA /* ShareBackgroundViewController.swift */ = {isa = PBXFileReference; lastKnownFileType = sourcecode.swift; path = ShareBackgroundViewController.swift; sourceTree = "<group>"; };
		72BBBBE98CED0A3235ECE0E3 /* Pods-Viewer.debug.xcconfig */ = {isa = PBXFileReference; includeInIndex = 1; lastKnownFileType = text.xcconfig; name = "Pods-Viewer.debug.xcconfig"; path = "Pods/Target Support Files/Pods-Viewer/Pods-Viewer.debug.xcconfig"; sourceTree = "<group>"; };
		7B8BD54B923A7ECE82347270 /* Pods_ShareExtension.framework */ = {isa = PBXFileReference; explicitFileType = wrapper.framework; includeInIndex = 0; path = Pods_ShareExtension.framework; sourceTree = BUILT_PRODUCTS_DIR; };
		8D11BFD865F1940A05173CA5 /* Pods-ShareExtension.release.xcconfig */ = {isa = PBXFileReference; includeInIndex = 1; lastKnownFileType = text.xcconfig; name = "Pods-ShareExtension.release.xcconfig"; path = "Pods/Target Support Files/Pods-ShareExtension/Pods-ShareExtension.release.xcconfig"; sourceTree = "<group>"; };
		9904CA5E217BDCED00210884 /* BoardViewController.swift */ = {isa = PBXFileReference; lastKnownFileType = sourcecode.swift; lineEnding = 0; path = BoardViewController.swift; sourceTree = "<group>"; usesTabs = 0; };
		9904CA66217DC5F100210884 /* GlobalMessageTableViewCell.swift */ = {isa = PBXFileReference; lastKnownFileType = sourcecode.swift; path = GlobalMessageTableViewCell.swift; sourceTree = "<group>"; };
		9904CA6A217DDBAD00210884 /* GlobalMessage.swift */ = {isa = PBXFileReference; lastKnownFileType = sourcecode.swift; path = GlobalMessage.swift; sourceTree = "<group>"; };
		991AB6B621A30D8300D0565E /* BorderCollectionViewCell.swift */ = {isa = PBXFileReference; lastKnownFileType = sourcecode.swift; path = BorderCollectionViewCell.swift; sourceTree = "<group>"; };
		99308B7421A6FAE500EA0F9C /* ShareExtension.appex */ = {isa = PBXFileReference; explicitFileType = "wrapper.app-extension"; includeInIndex = 0; path = ShareExtension.appex; sourceTree = BUILT_PRODUCTS_DIR; };
		99308B7621A6FAE500EA0F9C /* ShareViewController.swift */ = {isa = PBXFileReference; lastKnownFileType = sourcecode.swift; path = ShareViewController.swift; sourceTree = "<group>"; };
		99308B7921A6FAE500EA0F9C /* Base */ = {isa = PBXFileReference; lastKnownFileType = file.storyboard; name = Base; path = Base.lproj/MainInterface.storyboard; sourceTree = "<group>"; };
		99308B7B21A6FAE500EA0F9C /* Info.plist */ = {isa = PBXFileReference; lastKnownFileType = text.plist.xml; path = Info.plist; sourceTree = "<group>"; };
		994CDB8521A06FBF005909BF /* CloudKit.framework */ = {isa = PBXFileReference; lastKnownFileType = wrapper.framework; name = CloudKit.framework; path = System/Library/Frameworks/CloudKit.framework; sourceTree = SDKROOT; };
		995801D421E0BF6800A6BD49 /* README.md */ = {isa = PBXFileReference; fileEncoding = 4; lastKnownFileType = net.daringfireball.markdown; path = README.md; sourceTree = "<group>"; };
		996353E72195E2E500AE8AAE /* GlobalMessageView.swift */ = {isa = PBXFileReference; lastKnownFileType = sourcecode.swift; path = GlobalMessageView.swift; sourceTree = "<group>"; };
		996418892180C6DA005267E4 /* MessagesTableViewCell.swift */ = {isa = PBXFileReference; lastKnownFileType = sourcecode.swift; path = MessagesTableViewCell.swift; sourceTree = "<group>"; };
		997395EC21AC335200F650A6 /* ShareExtension.entitlements */ = {isa = PBXFileReference; lastKnownFileType = text.plist.entitlements; path = ShareExtension.entitlements; sourceTree = "<group>"; };
		997395ED21AC336B00F650A6 /* Viewer.entitlements */ = {isa = PBXFileReference; lastKnownFileType = text.plist.entitlements; path = Viewer.entitlements; sourceTree = "<group>"; };
		9986D1BF21EFA3A20051AD85 /* SummaryViewController.swift */ = {isa = PBXFileReference; lastKnownFileType = sourcecode.swift; path = SummaryViewController.swift; sourceTree = "<group>"; };
		99AC09502174E6B100CFCAD0 /* Viewer.app */ = {isa = PBXFileReference; explicitFileType = wrapper.application; includeInIndex = 0; path = Viewer.app; sourceTree = BUILT_PRODUCTS_DIR; };
		99AC09532174E6B100CFCAD0 /* AppDelegate.swift */ = {isa = PBXFileReference; lastKnownFileType = sourcecode.swift; path = AppDelegate.swift; sourceTree = "<group>"; };
		99AC09582174E6B100CFCAD0 /* Base */ = {isa = PBXFileReference; lastKnownFileType = file.storyboard; name = Base; path = Base.lproj/Main.storyboard; sourceTree = "<group>"; };
		99AC095A2174E6B300CFCAD0 /* Assets.xcassets */ = {isa = PBXFileReference; lastKnownFileType = folder.assetcatalog; path = Assets.xcassets; sourceTree = "<group>"; };
		99AC095C2174E6B300CFCAD0 /* Info.plist */ = {isa = PBXFileReference; lastKnownFileType = text.plist.xml; path = Info.plist; sourceTree = "<group>"; };
		99AC09662174E9C100CFCAD0 /* Viewer iOs.app */ = {isa = PBXFileReference; explicitFileType = wrapper.application; includeInIndex = 0; path = "Viewer iOs.app"; sourceTree = BUILT_PRODUCTS_DIR; };
		99AC09682174E9C100CFCAD0 /* AppDelegate.swift */ = {isa = PBXFileReference; lastKnownFileType = sourcecode.swift; path = AppDelegate.swift; sourceTree = "<group>"; };
		99AC096D2174E9C100CFCAD0 /* Base */ = {isa = PBXFileReference; lastKnownFileType = file.storyboard; name = Base; path = Base.lproj/Main.storyboard; sourceTree = "<group>"; };
		99AC096F2174E9C200CFCAD0 /* Assets.xcassets */ = {isa = PBXFileReference; lastKnownFileType = folder.assetcatalog; path = Assets.xcassets; sourceTree = "<group>"; };
		99AC09722174E9C200CFCAD0 /* Base */ = {isa = PBXFileReference; lastKnownFileType = file.storyboard; name = Base; path = Base.lproj/LaunchScreen.storyboard; sourceTree = "<group>"; };
		99AC09742174E9C200CFCAD0 /* Info.plist */ = {isa = PBXFileReference; lastKnownFileType = text.plist.xml; path = Info.plist; sourceTree = "<group>"; };
		99AC09782174F4AE00CFCAD0 /* Viewer iOs.entitlements */ = {isa = PBXFileReference; lastKnownFileType = text.plist.entitlements; path = "Viewer iOs.entitlements"; sourceTree = "<group>"; };
		99AC097A2174F4B000CFCAD0 /* CloudKit.framework */ = {isa = PBXFileReference; lastKnownFileType = wrapper.framework; name = CloudKit.framework; path = Platforms/iPhoneOS.platform/Developer/SDKs/iPhoneOS12.0.sdk/System/Library/Frameworks/CloudKit.framework; sourceTree = DEVELOPER_DIR; };
		99B66A6221C1613000135680 /* TickerViewController.swift */ = {isa = PBXFileReference; lastKnownFileType = sourcecode.swift; path = TickerViewController.swift; sourceTree = "<group>"; };
		99DE995121AD5FA500D01FF5 /* PropsTableViewCell.swift */ = {isa = PBXFileReference; lastKnownFileType = sourcecode.swift; path = PropsTableViewCell.swift; sourceTree = "<group>"; };
		99DE995521AD7FBF00D01FF5 /* PosterViewController.swift */ = {isa = PBXFileReference; lastKnownFileType = sourcecode.swift; path = PosterViewController.swift; sourceTree = "<group>"; };
		99DE995721AD809D00D01FF5 /* BooquableTableViewController.swift */ = {isa = PBXFileReference; lastKnownFileType = sourcecode.swift; path = BooquableTableViewController.swift; sourceTree = "<group>"; };
		99DE995C21ADF55A00D01FF5 /* ImagePickerViewController.swift */ = {isa = PBXFileReference; lastKnownFileType = sourcecode.swift; path = ImagePickerViewController.swift; sourceTree = "<group>"; };
		99DE995E21ADF7DD00D01FF5 /* ImagePickerCollectionViewCell.swift */ = {isa = PBXFileReference; lastKnownFileType = sourcecode.swift; path = ImagePickerCollectionViewCell.swift; sourceTree = "<group>"; };
		99E378FB21EA274D006380F7 /* LiveViewController.swift */ = {isa = PBXFileReference; lastKnownFileType = sourcecode.swift; path = LiveViewController.swift; sourceTree = "<group>"; };
		99E378FD21EA2ED0006380F7 /* NoLivePrompView.swift */ = {isa = PBXFileReference; lastKnownFileType = sourcecode.swift; path = NoLivePrompView.swift; sourceTree = "<group>"; };
		99E3790121EBDF27006380F7 /* UsageStatistic.swift */ = {isa = PBXFileReference; lastKnownFileType = sourcecode.swift; path = UsageStatistic.swift; sourceTree = "<group>"; };
		99F596C221A30F9000E999D7 /* GroupsCollectionViewCell.swift */ = {isa = PBXFileReference; lastKnownFileType = sourcecode.swift; path = GroupsCollectionViewCell.swift; sourceTree = "<group>"; };
		99F6B24021A2F82000B3FA65 /* EditMessageViewController.swift */ = {isa = PBXFileReference; fileEncoding = 4; lastKnownFileType = sourcecode.swift; path = EditMessageViewController.swift; sourceTree = "<group>"; };
		99F6B24121A2F82000B3FA65 /* MessagesTableViewController.swift */ = {isa = PBXFileReference; fileEncoding = 4; lastKnownFileType = sourcecode.swift; path = MessagesTableViewController.swift; sourceTree = "<group>"; };
		99F6B24521A2F9DB00B3FA65 /* MenuViewController.swift */ = {isa = PBXFileReference; lastKnownFileType = sourcecode.swift; path = MenuViewController.swift; sourceTree = "<group>"; };
		99F6B24721A2FF5D00B3FA65 /* TvListViewController.swift */ = {isa = PBXFileReference; lastKnownFileType = sourcecode.swift; path = TvListViewController.swift; sourceTree = "<group>"; };
		99F6B24D21A3040300B3FA65 /* GlassOfficeViewController.swift */ = {isa = PBXFileReference; fileEncoding = 4; lastKnownFileType = sourcecode.swift; path = GlassOfficeViewController.swift; sourceTree = "<group>"; };
		99FA31AC21A41EDB00A31F02 /* CKController.swift */ = {isa = PBXFileReference; fileEncoding = 4; lastKnownFileType = sourcecode.swift; path = CKController.swift; sourceTree = "<group>"; };
		99FA31AE21A449ED00A31F02 /* GlassOfficeTableViewCell.swift */ = {isa = PBXFileReference; lastKnownFileType = sourcecode.swift; path = GlassOfficeTableViewCell.swift; sourceTree = "<group>"; };
		99FA31B121A45A1B00A31F02 /* BooquableManager.swift */ = {isa = PBXFileReference; lastKnownFileType = sourcecode.swift; path = BooquableManager.swift; sourceTree = "<group>"; };
		99FA31B321A4637900A31F02 /* BooquableOrder.swift */ = {isa = PBXFileReference; lastKnownFileType = sourcecode.swift; path = BooquableOrder.swift; sourceTree = "<group>"; };
		D4B06A49A2CE53E02260DED8 /* Pods_Viewer_iOs.framework */ = {isa = PBXFileReference; explicitFileType = wrapper.framework; includeInIndex = 0; path = Pods_Viewer_iOs.framework; sourceTree = BUILT_PRODUCTS_DIR; };
		D525920A7C7FDA427B50547A /* Pods-Viewer.release.xcconfig */ = {isa = PBXFileReference; includeInIndex = 1; lastKnownFileType = text.xcconfig; name = "Pods-Viewer.release.xcconfig"; path = "Pods/Target Support Files/Pods-Viewer/Pods-Viewer.release.xcconfig"; sourceTree = "<group>"; };
		D64EE5E4E2D322DB311A9224 /* Pods_Viewer.framework */ = {isa = PBXFileReference; explicitFileType = wrapper.framework; includeInIndex = 0; path = Pods_Viewer.framework; sourceTree = BUILT_PRODUCTS_DIR; };
/* End PBXFileReference section */

/* Begin PBXFrameworksBuildPhase section */
		99308B7121A6FAE500EA0F9C /* Frameworks */ = {
			isa = PBXFrameworksBuildPhase;
			buildActionMask = 2147483647;
			files = (
				19FA366B21A8226500E3B1C0 /* CloudKit.framework in Frameworks */,
				51B3F4D35CD099A47581DEC1 /* Pods_ShareExtension.framework in Frameworks */,
			);
			runOnlyForDeploymentPostprocessing = 0;
		};
		99AC094D2174E6B100CFCAD0 /* Frameworks */ = {
			isa = PBXFrameworksBuildPhase;
			buildActionMask = 2147483647;
			files = (
				994CDB8621A06FBF005909BF /* CloudKit.framework in Frameworks */,
				B3E9AE6B276920812842D5DC /* Pods_Viewer.framework in Frameworks */,
			);
			runOnlyForDeploymentPostprocessing = 0;
		};
		99AC09632174E9C100CFCAD0 /* Frameworks */ = {
			isa = PBXFrameworksBuildPhase;
			buildActionMask = 2147483647;
			files = (
				99AC097B2174F4B000CFCAD0 /* CloudKit.framework in Frameworks */,
				5DCC34A91F76E25443F254F3 /* Pods_Viewer_iOs.framework in Frameworks */,
			);
			runOnlyForDeploymentPostprocessing = 0;
		};
/* End PBXFrameworksBuildPhase section */

/* Begin PBXGroup section */
		9904CA65217DC5CB00210884 /* View */ = {
			isa = PBXGroup;
			children = (
				996353E72195E2E500AE8AAE /* GlobalMessageView.swift */,
				9904CA66217DC5F100210884 /* GlobalMessageTableViewCell.swift */,
				99FA31AE21A449ED00A31F02 /* GlassOfficeTableViewCell.swift */,
			);
			path = View;
			sourceTree = "<group>";
		};
		992D8F762178B1C60044F78F /* Controller */ = {
			isa = PBXGroup;
			children = (
				99F6B24D21A3040300B3FA65 /* GlassOfficeViewController.swift */,
				9904CA5E217BDCED00210884 /* BoardViewController.swift */,
				19C227CC21A3372400BB4BC3 /* TVViewController.swift */,
			);
			path = Controller;
			sourceTree = "<group>";
		};
		99308B7521A6FAE500EA0F9C /* ShareExtension */ = {
			isa = PBXGroup;
			children = (
				997395EC21AC335200F650A6 /* ShareExtension.entitlements */,
				99308B7621A6FAE500EA0F9C /* ShareViewController.swift */,
				65D9BAC121C9612E000466BA /* ShareBackgroundViewController.swift */,
				656887F921C9450F00EBD49B /* SharePosterViewController.swift */,
				99308B7821A6FAE500EA0F9C /* MainInterface.storyboard */,
				99308B7B21A6FAE500EA0F9C /* Info.plist */,
			);
			path = ShareExtension;
			sourceTree = "<group>";
		};
		996418882180C6BF005267E4 /* View */ = {
			isa = PBXGroup;
			children = (
				996418892180C6DA005267E4 /* MessagesTableViewCell.swift */,
				991AB6B621A30D8300D0565E /* BorderCollectionViewCell.swift */,
				99F596C221A30F9000E999D7 /* GroupsCollectionViewCell.swift */,
				99DE995121AD5FA500D01FF5 /* PropsTableViewCell.swift */,
				99DE995E21ADF7DD00D01FF5 /* ImagePickerCollectionViewCell.swift */,
				99E378FD21EA2ED0006380F7 /* NoLivePrompView.swift */,
			);
			path = View;
			sourceTree = "<group>";
		};
		999F4A5921809E6400ADDFBE /* Controllers */ = {
			isa = PBXGroup;
			children = (
				99F6B24521A2F9DB00B3FA65 /* MenuViewController.swift */,
				99B66A6121C1610100135680 /* Ticker */,
				99F6B24421A2F98500B3FA65 /* Poster */,
				99F6B23F21A2F82000B3FA65 /* Message */,
				99DE995921AD816D00D01FF5 /* Booquable */,
				99E378FB21EA274D006380F7 /* LiveViewController.swift */,
				9986D1BF21EFA3A20051AD85 /* SummaryViewController.swift */,
			);
			path = Controllers;
			sourceTree = "<group>";
		};
		99AC09472174E6B100CFCAD0 = {
			isa = PBXGroup;
			children = (
				995801D421E0BF6800A6BD49 /* README.md */,
				99E3790121EBDF27006380F7 /* UsageStatistic.swift */,
				1915AD2121C15FB200CF0E2F /* VideoManager.swift */,
				19FA366621A8203D00E3B1C0 /* CKController.swift */,
				19FA365B21A8202300E3B1C0 /* ServiceMessage.swift */,
				19FA365C21A8202300E3B1C0 /* TV.swift */,
				19FA365A21A8202300E3B1C0 /* UIImage+CKAsset.swift */,
				9904CA6A217DDBAD00210884 /* GlobalMessage.swift */,
				99FA31B121A45A1B00A31F02 /* BooquableManager.swift */,
				99FA31B321A4637900A31F02 /* BooquableOrder.swift */,
				99AC09522174E6B100CFCAD0 /* Viewer */,
				99AC09672174E9C100CFCAD0 /* Viewer iOs */,
				99308B7521A6FAE500EA0F9C /* ShareExtension */,
				99AC09512174E6B100CFCAD0 /* Products */,
				99AC09792174F4B000CFCAD0 /* Frameworks */,
				99D07F3521A47EFE005B1BC5 /* Recovered References */,
				F9754990412350993893B029 /* Pods */,
			);
			sourceTree = "<group>";
		};
		99AC09512174E6B100CFCAD0 /* Products */ = {
			isa = PBXGroup;
			children = (
				99AC09502174E6B100CFCAD0 /* Viewer.app */,
				99AC09662174E9C100CFCAD0 /* Viewer iOs.app */,
				99308B7421A6FAE500EA0F9C /* ShareExtension.appex */,
			);
			name = Products;
			sourceTree = "<group>";
		};
		99AC09522174E6B100CFCAD0 /* Viewer */ = {
			isa = PBXGroup;
			children = (
				997395ED21AC336B00F650A6 /* Viewer.entitlements */,
				99AC09532174E6B100CFCAD0 /* AppDelegate.swift */,
				99AC095A2174E6B300CFCAD0 /* Assets.xcassets */,
				99AC095C2174E6B300CFCAD0 /* Info.plist */,
				992D8F762178B1C60044F78F /* Controller */,
				9904CA65217DC5CB00210884 /* View */,
				99AC09572174E6B100CFCAD0 /* Main.storyboard */,
			);
			path = Viewer;
			sourceTree = "<group>";
		};
		99AC09672174E9C100CFCAD0 /* Viewer iOs */ = {
			isa = PBXGroup;
			children = (
				99AC09712174E9C200CFCAD0 /* LaunchScreen.storyboard */,
				99AC096F2174E9C200CFCAD0 /* Assets.xcassets */,
				99AC09742174E9C200CFCAD0 /* Info.plist */,
				99AC09782174F4AE00CFCAD0 /* Viewer iOs.entitlements */,
				996418882180C6BF005267E4 /* View */,
				999F4A5921809E6400ADDFBE /* Controllers */,
				99AC096C2174E9C100CFCAD0 /* Main.storyboard */,
				99AC09682174E9C100CFCAD0 /* AppDelegate.swift */,
			);
			path = "Viewer iOs";
			sourceTree = "<group>";
		};
		99AC09792174F4B000CFCAD0 /* Frameworks */ = {
			isa = PBXGroup;
			children = (
				994CDB8521A06FBF005909BF /* CloudKit.framework */,
				99AC097A2174F4B000CFCAD0 /* CloudKit.framework */,
				7B8BD54B923A7ECE82347270 /* Pods_ShareExtension.framework */,
				D64EE5E4E2D322DB311A9224 /* Pods_Viewer.framework */,
				D4B06A49A2CE53E02260DED8 /* Pods_Viewer_iOs.framework */,
			);
			name = Frameworks;
			sourceTree = "<group>";
		};
		99B66A6121C1610100135680 /* Ticker */ = {
			isa = PBXGroup;
			children = (
				99B66A6221C1613000135680 /* TickerViewController.swift */,
			);
			path = Ticker;
			sourceTree = "<group>";
		};
		99D07F3521A47EFE005B1BC5 /* Recovered References */ = {
			isa = PBXGroup;
			children = (
				99FA31AC21A41EDB00A31F02 /* CKController.swift */,
			);
			name = "Recovered References";
			sourceTree = "<group>";
		};
		99DE995921AD816D00D01FF5 /* Booquable */ = {
			isa = PBXGroup;
			children = (
				99DE995721AD809D00D01FF5 /* BooquableTableViewController.swift */,
			);
			path = Booquable;
			sourceTree = "<group>";
		};
		99F6B23F21A2F82000B3FA65 /* Message */ = {
			isa = PBXGroup;
			children = (
				99F6B24021A2F82000B3FA65 /* EditMessageViewController.swift */,
				99F6B24121A2F82000B3FA65 /* MessagesTableViewController.swift */,
			);
			path = Message;
			sourceTree = "<group>";
		};
		99F6B24421A2F98500B3FA65 /* Poster */ = {
			isa = PBXGroup;
			children = (
				99F6B24721A2FF5D00B3FA65 /* TvListViewController.swift */,
				99DE995521AD7FBF00D01FF5 /* PosterViewController.swift */,
				99DE995C21ADF55A00D01FF5 /* ImagePickerViewController.swift */,
			);
			path = Poster;
			sourceTree = "<group>";
		};
		F9754990412350993893B029 /* Pods */ = {
			isa = PBXGroup;
			children = (
				1F6815584B256216294B6F83 /* Pods-ShareExtension.debug.xcconfig */,
				8D11BFD865F1940A05173CA5 /* Pods-ShareExtension.release.xcconfig */,
				72BBBBE98CED0A3235ECE0E3 /* Pods-Viewer.debug.xcconfig */,
				D525920A7C7FDA427B50547A /* Pods-Viewer.release.xcconfig */,
				601F4B5E7C5F3E12B6471F5D /* Pods-Viewer iOs.debug.xcconfig */,
				24AED3E0F51268D6EAB55BF0 /* Pods-Viewer iOs.release.xcconfig */,
			);
			name = Pods;
			sourceTree = "<group>";
		};
/* End PBXGroup section */

/* Begin PBXNativeTarget section */
		99308B7321A6FAE500EA0F9C /* ShareExtension */ = {
			isa = PBXNativeTarget;
			buildConfigurationList = 99308B8121A6FAE500EA0F9C /* Build configuration list for PBXNativeTarget "ShareExtension" */;
			buildPhases = (
				C104AC169BE7D8893430633C /* [CP] Check Pods Manifest.lock */,
				99308B7021A6FAE500EA0F9C /* Sources */,
				99308B7121A6FAE500EA0F9C /* Frameworks */,
				99308B7221A6FAE500EA0F9C /* Resources */,
			);
			buildRules = (
			);
			dependencies = (
			);
			name = ShareExtension;
			productName = ShareExtension;
			productReference = 99308B7421A6FAE500EA0F9C /* ShareExtension.appex */;
			productType = "com.apple.product-type.app-extension";
		};
		99AC094F2174E6B100CFCAD0 /* Viewer */ = {
			isa = PBXNativeTarget;
			buildConfigurationList = 99AC095F2174E6B300CFCAD0 /* Build configuration list for PBXNativeTarget "Viewer" */;
			buildPhases = (
				9CF7BDCD8D9AAF3278881198 /* [CP] Check Pods Manifest.lock */,
				99AC094C2174E6B100CFCAD0 /* Sources */,
				99AC094D2174E6B100CFCAD0 /* Frameworks */,
				99AC094E2174E6B100CFCAD0 /* Resources */,
				FCC310A9E4BCACF67A24ECBF /* [CP] Embed Pods Frameworks */,
			);
			buildRules = (
			);
			dependencies = (
			);
			name = Viewer;
			productName = Viewer;
			productReference = 99AC09502174E6B100CFCAD0 /* Viewer.app */;
			productType = "com.apple.product-type.application";
		};
		99AC09652174E9C100CFCAD0 /* Viewer iOs */ = {
			isa = PBXNativeTarget;
			buildConfigurationList = 99AC09752174E9C200CFCAD0 /* Build configuration list for PBXNativeTarget "Viewer iOs" */;
			buildPhases = (
				F43F29C00B78D4C76CAFE65A /* [CP] Check Pods Manifest.lock */,
				99AC09622174E9C100CFCAD0 /* Sources */,
				99AC09632174E9C100CFCAD0 /* Frameworks */,
				99AC09642174E9C100CFCAD0 /* Resources */,
				99308B8221A6FAE500EA0F9C /* Embed App Extensions */,
				995801FD21E34F4C00A6BD49 /* Embed Watch Content */,
			);
			buildRules = (
			);
			dependencies = (
				99308B7D21A6FAE500EA0F9C /* PBXTargetDependency */,
			);
			name = "Viewer iOs";
			productName = "Viewer iOs";
			productReference = 99AC09662174E9C100CFCAD0 /* Viewer iOs.app */;
			productType = "com.apple.product-type.application";
		};
/* End PBXNativeTarget section */

/* Begin PBXProject section */
		99AC09482174E6B100CFCAD0 /* Project object */ = {
			isa = PBXProject;
			attributes = {
				LastSwiftUpdateCheck = 1010;
				LastUpgradeCheck = 1010;
				ORGANIZATIONNAME = "Gianluca Orpello";
				TargetAttributes = {
					99308B7321A6FAE500EA0F9C = {
						CreatedOnToolsVersion = 10.1;
						SystemCapabilities = {
							com.apple.ApplicationGroups.iOS = {
								enabled = 1;
							};
							com.apple.Push = {
								enabled = 1;
							};
							com.apple.iCloud = {
								enabled = 1;
							};
						};
					};
					99AC094F2174E6B100CFCAD0 = {
						CreatedOnToolsVersion = 10.0;
						SystemCapabilities = {
							com.apple.BackgroundModes.appletvos = {
								enabled = 1;
							};
							com.apple.DataProtection = {
								enabled = 0;
							};
							com.apple.Push = {
								enabled = 1;
							};
							com.apple.iCloud = {
								enabled = 1;
							};
						};
					};
					99AC09652174E9C100CFCAD0 = {
						CreatedOnToolsVersion = 10.0;
						SystemCapabilities = {
							com.apple.ApplicationGroups.iOS = {
								enabled = 1;
							};
							com.apple.BackgroundModes = {
								enabled = 1;
							};
							com.apple.Push = {
								enabled = 1;
							};
							com.apple.iCloud = {
								enabled = 1;
							};
						};
					};
				};
			};
			buildConfigurationList = 99AC094B2174E6B100CFCAD0 /* Build configuration list for PBXProject "Viewer" */;
			compatibilityVersion = "Xcode 9.3";
			developmentRegion = en;
			hasScannedForEncodings = 0;
			knownRegions = (
				en,
				Base,
			);
			mainGroup = 99AC09472174E6B100CFCAD0;
			productRefGroup = 99AC09512174E6B100CFCAD0 /* Products */;
			projectDirPath = "";
			projectRoot = "";
			targets = (
				99AC094F2174E6B100CFCAD0 /* Viewer */,
				99AC09652174E9C100CFCAD0 /* Viewer iOs */,
				99308B7321A6FAE500EA0F9C /* ShareExtension */,
			);
		};
/* End PBXProject section */

/* Begin PBXResourcesBuildPhase section */
		99308B7221A6FAE500EA0F9C /* Resources */ = {
			isa = PBXResourcesBuildPhase;
			buildActionMask = 2147483647;
			files = (
				65D9BAC421C9664A000466BA /* Assets.xcassets in Resources */,
				99308B7A21A6FAE500EA0F9C /* MainInterface.storyboard in Resources */,
			);
			runOnlyForDeploymentPostprocessing = 0;
		};
		99AC094E2174E6B100CFCAD0 /* Resources */ = {
			isa = PBXResourcesBuildPhase;
			buildActionMask = 2147483647;
			files = (
				995801D521E0BF6800A6BD49 /* README.md in Resources */,
				99AC095B2174E6B300CFCAD0 /* Assets.xcassets in Resources */,
				99AC09592174E6B100CFCAD0 /* Main.storyboard in Resources */,
			);
			runOnlyForDeploymentPostprocessing = 0;
		};
		99AC09642174E9C100CFCAD0 /* Resources */ = {
			isa = PBXResourcesBuildPhase;
			buildActionMask = 2147483647;
			files = (
				99AC09732174E9C200CFCAD0 /* LaunchScreen.storyboard in Resources */,
				99AC09702174E9C200CFCAD0 /* Assets.xcassets in Resources */,
				99AC096E2174E9C100CFCAD0 /* Main.storyboard in Resources */,
			);
			runOnlyForDeploymentPostprocessing = 0;
		};
/* End PBXResourcesBuildPhase section */

/* Begin PBXShellScriptBuildPhase section */
		9CF7BDCD8D9AAF3278881198 /* [CP] Check Pods Manifest.lock */ = {
			isa = PBXShellScriptBuildPhase;
			buildActionMask = 2147483647;
			files = (
			);
			inputFileListPaths = (
			);
			inputPaths = (
				"${PODS_PODFILE_DIR_PATH}/Podfile.lock",
				"${PODS_ROOT}/Manifest.lock",
			);
			name = "[CP] Check Pods Manifest.lock";
			outputFileListPaths = (
			);
			outputPaths = (
				"$(DERIVED_FILE_DIR)/Pods-Viewer-checkManifestLockResult.txt",
			);
			runOnlyForDeploymentPostprocessing = 0;
			shellPath = /bin/sh;
			shellScript = "diff \"${PODS_PODFILE_DIR_PATH}/Podfile.lock\" \"${PODS_ROOT}/Manifest.lock\" > /dev/null\nif [ $? != 0 ] ; then\n    # print error to STDERR\n    echo \"error: The sandbox is not in sync with the Podfile.lock. Run 'pod install' or update your CocoaPods installation.\" >&2\n    exit 1\nfi\n# This output is used by Xcode 'outputs' to avoid re-running this script phase.\necho \"SUCCESS\" > \"${SCRIPT_OUTPUT_FILE_0}\"\n";
			showEnvVarsInLog = 0;
		};
		C104AC169BE7D8893430633C /* [CP] Check Pods Manifest.lock */ = {
			isa = PBXShellScriptBuildPhase;
			buildActionMask = 2147483647;
			files = (
			);
			inputFileListPaths = (
			);
			inputPaths = (
				"${PODS_PODFILE_DIR_PATH}/Podfile.lock",
				"${PODS_ROOT}/Manifest.lock",
			);
			name = "[CP] Check Pods Manifest.lock";
			outputFileListPaths = (
			);
			outputPaths = (
				"$(DERIVED_FILE_DIR)/Pods-ShareExtension-checkManifestLockResult.txt",
			);
			runOnlyForDeploymentPostprocessing = 0;
			shellPath = /bin/sh;
			shellScript = "diff \"${PODS_PODFILE_DIR_PATH}/Podfile.lock\" \"${PODS_ROOT}/Manifest.lock\" > /dev/null\nif [ $? != 0 ] ; then\n    # print error to STDERR\n    echo \"error: The sandbox is not in sync with the Podfile.lock. Run 'pod install' or update your CocoaPods installation.\" >&2\n    exit 1\nfi\n# This output is used by Xcode 'outputs' to avoid re-running this script phase.\necho \"SUCCESS\" > \"${SCRIPT_OUTPUT_FILE_0}\"\n";
			showEnvVarsInLog = 0;
		};
		F43F29C00B78D4C76CAFE65A /* [CP] Check Pods Manifest.lock */ = {
			isa = PBXShellScriptBuildPhase;
			buildActionMask = 2147483647;
			files = (
			);
			inputFileListPaths = (
			);
			inputPaths = (
				"${PODS_PODFILE_DIR_PATH}/Podfile.lock",
				"${PODS_ROOT}/Manifest.lock",
			);
			name = "[CP] Check Pods Manifest.lock";
			outputFileListPaths = (
			);
			outputPaths = (
				"$(DERIVED_FILE_DIR)/Pods-Viewer iOs-checkManifestLockResult.txt",
			);
			runOnlyForDeploymentPostprocessing = 0;
			shellPath = /bin/sh;
			shellScript = "diff \"${PODS_PODFILE_DIR_PATH}/Podfile.lock\" \"${PODS_ROOT}/Manifest.lock\" > /dev/null\nif [ $? != 0 ] ; then\n    # print error to STDERR\n    echo \"error: The sandbox is not in sync with the Podfile.lock. Run 'pod install' or update your CocoaPods installation.\" >&2\n    exit 1\nfi\n# This output is used by Xcode 'outputs' to avoid re-running this script phase.\necho \"SUCCESS\" > \"${SCRIPT_OUTPUT_FILE_0}\"\n";
			showEnvVarsInLog = 0;
		};
		FCC310A9E4BCACF67A24ECBF /* [CP] Embed Pods Frameworks */ = {
			isa = PBXShellScriptBuildPhase;
			buildActionMask = 2147483647;
			files = (
			);
			inputFileListPaths = (
			);
			inputPaths = (
				"${SRCROOT}/Pods/Target Support Files/Pods-Viewer/Pods-Viewer-frameworks.sh",
				"${BUILT_PRODUCTS_DIR}/PureLayout/PureLayout.framework",
			);
			name = "[CP] Embed Pods Frameworks";
			outputFileListPaths = (
			);
			outputPaths = (
				"${TARGET_BUILD_DIR}/${FRAMEWORKS_FOLDER_PATH}/PureLayout.framework",
			);
			runOnlyForDeploymentPostprocessing = 0;
			shellPath = /bin/sh;
			shellScript = "\"${SRCROOT}/Pods/Target Support Files/Pods-Viewer/Pods-Viewer-frameworks.sh\"\n";
			showEnvVarsInLog = 0;
		};
/* End PBXShellScriptBuildPhase section */

/* Begin PBXSourcesBuildPhase section */
		99308B7021A6FAE500EA0F9C /* Sources */ = {
			isa = PBXSourcesBuildPhase;
			buildActionMask = 2147483647;
			files = (
				656887F521C91A2400EBD49B /* GroupsCollectionViewCell.swift in Sources */,
				19FA366921A8203D00E3B1C0 /* CKController.swift in Sources */,
				19FA366221A8202400E3B1C0 /* ServiceMessage.swift in Sources */,
				19FA366A21A821A200E3B1C0 /* GlobalMessage.swift in Sources */,
				19FA366521A8202400E3B1C0 /* TV.swift in Sources */,
				65D9BAC221C9612E000466BA /* ShareBackgroundViewController.swift in Sources */,
				656887F721C91A3C00EBD49B /* PosterViewController.swift in Sources */,
				656887F621C91A3400EBD49B /* BorderCollectionViewCell.swift in Sources */,
				19FA365F21A8202400E3B1C0 /* UIImage+CKAsset.swift in Sources */,
				99308B7721A6FAE500EA0F9C /* ShareViewController.swift in Sources */,
				656887FA21C9450F00EBD49B /* SharePosterViewController.swift in Sources */,
				656887F421C919F400EBD49B /* TvListViewController.swift in Sources */,
				656887F821C91A4400EBD49B /* ImagePickerCollectionViewCell.swift in Sources */,
			);
			runOnlyForDeploymentPostprocessing = 0;
		};
		99AC094C2174E6B100CFCAD0 /* Sources */ = {
			isa = PBXSourcesBuildPhase;
			buildActionMask = 2147483647;
			files = (
				99FA31AF21A449ED00A31F02 /* GlassOfficeTableViewCell.swift in Sources */,
				99F6B24E21A3040300B3FA65 /* GlassOfficeViewController.swift in Sources */,
				1915AD2221C15FB200CF0E2F /* VideoManager.swift in Sources */,
				99FA31AD21A41EDB00A31F02 /* CKController.swift in Sources */,
				19FA366321A8202400E3B1C0 /* TV.swift in Sources */,
				19FA366021A8202400E3B1C0 /* ServiceMessage.swift in Sources */,
				9904CA67217DC5F100210884 /* GlobalMessageTableViewCell.swift in Sources */,
				19C227CD21A3372400BB4BC3 /* TVViewController.swift in Sources */,
				996353E82195E2E500AE8AAE /* GlobalMessageView.swift in Sources */,
				99FA31B421A4637900A31F02 /* BooquableOrder.swift in Sources */,
				9904CA6B217DDBAD00210884 /* GlobalMessage.swift in Sources */,
				99AC09542174E6B100CFCAD0 /* AppDelegate.swift in Sources */,
				99FA31B221A45A1B00A31F02 /* BooquableManager.swift in Sources */,
				19FA365D21A8202400E3B1C0 /* UIImage+CKAsset.swift in Sources */,
				9904CA5F217BDCED00210884 /* BoardViewController.swift in Sources */,
			);
			runOnlyForDeploymentPostprocessing = 0;
		};
		99AC09622174E9C100CFCAD0 /* Sources */ = {
			isa = PBXSourcesBuildPhase;
			buildActionMask = 2147483647;
			files = (
				99F596C321A30F9000E999D7 /* GroupsCollectionViewCell.swift in Sources */,
				992C547021AD5C3300E05494 /* BooquableManager.swift in Sources */,
				99F6B24221A2F82000B3FA65 /* EditMessageViewController.swift in Sources */,
				99F6B24821A2FF5D00B3FA65 /* TvListViewController.swift in Sources */,
				99E3790221EBDF27006380F7 /* UsageStatistic.swift in Sources */,
				19FA366421A8202400E3B1C0 /* TV.swift in Sources */,
				99E378FE21EA2ED0006380F7 /* NoLivePrompView.swift in Sources */,
				99DE995621AD7FBF00D01FF5 /* PosterViewController.swift in Sources */,
				99DE995F21ADF7DD00D01FF5 /* ImagePickerCollectionViewCell.swift in Sources */,
				19FA366121A8202400E3B1C0 /* ServiceMessage.swift in Sources */,
				99DE995D21ADF55A00D01FF5 /* ImagePickerViewController.swift in Sources */,
				19FA366821A8203D00E3B1C0 /* CKController.swift in Sources */,
				99E378FC21EA274D006380F7 /* LiveViewController.swift in Sources */,
				9964188A2180C6DA005267E4 /* MessagesTableViewCell.swift in Sources */,
				99F6B24621A2F9DB00B3FA65 /* MenuViewController.swift in Sources */,
				99F6B24321A2F82000B3FA65 /* MessagesTableViewController.swift in Sources */,
				99AC09692174E9C100CFCAD0 /* AppDelegate.swift in Sources */,
				991AB6B721A30D8300D0565E /* BorderCollectionViewCell.swift in Sources */,
				99F6B25021A306EA00B3FA65 /* GlobalMessage.swift in Sources */,
				99DE995821AD809D00D01FF5 /* BooquableTableViewController.swift in Sources */,
				9986D1C021EFA3A20051AD85 /* SummaryViewController.swift in Sources */,
				19FA365E21A8202400E3B1C0 /* UIImage+CKAsset.swift in Sources */,
				99DE995221AD5FA500D01FF5 /* PropsTableViewCell.swift in Sources */,
				99B66A6321C1613000135680 /* TickerViewController.swift in Sources */,
				992C547221AD5C3300E05494 /* BooquableOrder.swift in Sources */,
			);
			runOnlyForDeploymentPostprocessing = 0;
		};
/* End PBXSourcesBuildPhase section */

/* Begin PBXTargetDependency section */
		99308B7D21A6FAE500EA0F9C /* PBXTargetDependency */ = {
			isa = PBXTargetDependency;
			target = 99308B7321A6FAE500EA0F9C /* ShareExtension */;
			targetProxy = 99308B7C21A6FAE500EA0F9C /* PBXContainerItemProxy */;
		};
/* End PBXTargetDependency section */

/* Begin PBXVariantGroup section */
		99308B7821A6FAE500EA0F9C /* MainInterface.storyboard */ = {
			isa = PBXVariantGroup;
			children = (
				99308B7921A6FAE500EA0F9C /* Base */,
			);
			name = MainInterface.storyboard;
			sourceTree = "<group>";
		};
		99AC09572174E6B100CFCAD0 /* Main.storyboard */ = {
			isa = PBXVariantGroup;
			children = (
				99AC09582174E6B100CFCAD0 /* Base */,
			);
			name = Main.storyboard;
			sourceTree = "<group>";
		};
		99AC096C2174E9C100CFCAD0 /* Main.storyboard */ = {
			isa = PBXVariantGroup;
			children = (
				99AC096D2174E9C100CFCAD0 /* Base */,
			);
			name = Main.storyboard;
			sourceTree = "<group>";
		};
		99AC09712174E9C200CFCAD0 /* LaunchScreen.storyboard */ = {
			isa = PBXVariantGroup;
			children = (
				99AC09722174E9C200CFCAD0 /* Base */,
			);
			name = LaunchScreen.storyboard;
			sourceTree = "<group>";
		};
/* End PBXVariantGroup section */

/* Begin XCBuildConfiguration section */
		99308B7F21A6FAE500EA0F9C /* Debug */ = {
			isa = XCBuildConfiguration;
			baseConfigurationReference = 1F6815584B256216294B6F83 /* Pods-ShareExtension.debug.xcconfig */;
			buildSettings = {
				CODE_SIGN_ENTITLEMENTS = ShareExtension/ShareExtension.entitlements;
				CODE_SIGN_IDENTITY = "iPhone Developer";
				CODE_SIGN_STYLE = Automatic;
				DEVELOPMENT_TEAM = D4L4S7MAUX;
				INFOPLIST_FILE = ShareExtension/Info.plist;
				IPHONEOS_DEPLOYMENT_TARGET = 11.0;
				LD_RUNPATH_SEARCH_PATHS = (
					"$(inherited)",
					"@executable_path/Frameworks",
					"@executable_path/../../Frameworks",
				);
				PRODUCT_BUNDLE_IDENTIFIER = com.TeamRogue.Viewer.iOS.ShareExtension;
				PRODUCT_NAME = "$(TARGET_NAME)";
				SDKROOT = iphoneos;
				SKIP_INSTALL = YES;
				SWIFT_ENABLE_BATCH_MODE = NO;
				SWIFT_VERSION = 4.2;
				TARGETED_DEVICE_FAMILY = "1,2";
			};
			name = Debug;
		};
		99308B8021A6FAE500EA0F9C /* Release */ = {
			isa = XCBuildConfiguration;
			baseConfigurationReference = 8D11BFD865F1940A05173CA5 /* Pods-ShareExtension.release.xcconfig */;
			buildSettings = {
				CODE_SIGN_ENTITLEMENTS = ShareExtension/ShareExtension.entitlements;
				CODE_SIGN_IDENTITY = "iPhone Developer";
				CODE_SIGN_STYLE = Automatic;
				DEVELOPMENT_TEAM = D4L4S7MAUX;
				INFOPLIST_FILE = ShareExtension/Info.plist;
				IPHONEOS_DEPLOYMENT_TARGET = 11.0;
				LD_RUNPATH_SEARCH_PATHS = (
					"$(inherited)",
					"@executable_path/Frameworks",
					"@executable_path/../../Frameworks",
				);
				PRODUCT_BUNDLE_IDENTIFIER = com.TeamRogue.Viewer.iOS.ShareExtension;
				PRODUCT_NAME = "$(TARGET_NAME)";
				SDKROOT = iphoneos;
				SKIP_INSTALL = YES;
				SWIFT_ENABLE_BATCH_MODE = NO;
				SWIFT_VERSION = 4.2;
				TARGETED_DEVICE_FAMILY = "1,2";
			};
			name = Release;
		};
		99AC095D2174E6B300CFCAD0 /* Debug */ = {
			isa = XCBuildConfiguration;
			buildSettings = {
				ALWAYS_SEARCH_USER_PATHS = NO;
				CLANG_ANALYZER_NONNULL = YES;
				CLANG_ANALYZER_NUMBER_OBJECT_CONVERSION = YES_AGGRESSIVE;
				CLANG_CXX_LANGUAGE_STANDARD = "gnu++14";
				CLANG_CXX_LIBRARY = "libc++";
				CLANG_ENABLE_MODULES = YES;
				CLANG_ENABLE_OBJC_ARC = YES;
				CLANG_ENABLE_OBJC_WEAK = YES;
				CLANG_WARN_BLOCK_CAPTURE_AUTORELEASING = YES;
				CLANG_WARN_BOOL_CONVERSION = YES;
				CLANG_WARN_COMMA = YES;
				CLANG_WARN_CONSTANT_CONVERSION = YES;
				CLANG_WARN_DEPRECATED_OBJC_IMPLEMENTATIONS = YES;
				CLANG_WARN_DIRECT_OBJC_ISA_USAGE = YES_ERROR;
				CLANG_WARN_DOCUMENTATION_COMMENTS = YES;
				CLANG_WARN_EMPTY_BODY = YES;
				CLANG_WARN_ENUM_CONVERSION = YES;
				CLANG_WARN_INFINITE_RECURSION = YES;
				CLANG_WARN_INT_CONVERSION = YES;
				CLANG_WARN_NON_LITERAL_NULL_CONVERSION = YES;
				CLANG_WARN_OBJC_IMPLICIT_RETAIN_SELF = YES;
				CLANG_WARN_OBJC_LITERAL_CONVERSION = YES;
				CLANG_WARN_OBJC_ROOT_CLASS = YES_ERROR;
				CLANG_WARN_RANGE_LOOP_ANALYSIS = YES;
				CLANG_WARN_STRICT_PROTOTYPES = YES;
				CLANG_WARN_SUSPICIOUS_MOVE = YES;
				CLANG_WARN_UNGUARDED_AVAILABILITY = YES_AGGRESSIVE;
				CLANG_WARN_UNREACHABLE_CODE = YES;
				CLANG_WARN__DUPLICATE_METHOD_MATCH = YES;
				COPY_PHASE_STRIP = NO;
				DEBUG_INFORMATION_FORMAT = dwarf;
				ENABLE_STRICT_OBJC_MSGSEND = YES;
				ENABLE_TESTABILITY = YES;
				GCC_C_LANGUAGE_STANDARD = gnu11;
				GCC_DYNAMIC_NO_PIC = NO;
				GCC_NO_COMMON_BLOCKS = YES;
				GCC_OPTIMIZATION_LEVEL = 0;
				GCC_PREPROCESSOR_DEFINITIONS = (
					"DEBUG=1",
					"$(inherited)",
				);
				GCC_WARN_64_TO_32_BIT_CONVERSION = YES;
				GCC_WARN_ABOUT_RETURN_TYPE = YES_ERROR;
				GCC_WARN_UNDECLARED_SELECTOR = YES;
				GCC_WARN_UNINITIALIZED_AUTOS = YES_AGGRESSIVE;
				GCC_WARN_UNUSED_FUNCTION = YES;
				GCC_WARN_UNUSED_VARIABLE = YES;
				IPHONEOS_DEPLOYMENT_TARGET = 11.0;
				MTL_ENABLE_DEBUG_INFO = INCLUDE_SOURCE;
				MTL_FAST_MATH = YES;
				ONLY_ACTIVE_ARCH = YES;
				SDKROOT = appletvos;
				SWIFT_ACTIVE_COMPILATION_CONDITIONS = DEBUG;
				SWIFT_OPTIMIZATION_LEVEL = "-Onone";
				TVOS_DEPLOYMENT_TARGET = 12.0;
			};
			name = Debug;
		};
		99AC095E2174E6B300CFCAD0 /* Release */ = {
			isa = XCBuildConfiguration;
			buildSettings = {
				ALWAYS_SEARCH_USER_PATHS = NO;
				CLANG_ANALYZER_NONNULL = YES;
				CLANG_ANALYZER_NUMBER_OBJECT_CONVERSION = YES_AGGRESSIVE;
				CLANG_CXX_LANGUAGE_STANDARD = "gnu++14";
				CLANG_CXX_LIBRARY = "libc++";
				CLANG_ENABLE_MODULES = YES;
				CLANG_ENABLE_OBJC_ARC = YES;
				CLANG_ENABLE_OBJC_WEAK = YES;
				CLANG_WARN_BLOCK_CAPTURE_AUTORELEASING = YES;
				CLANG_WARN_BOOL_CONVERSION = YES;
				CLANG_WARN_COMMA = YES;
				CLANG_WARN_CONSTANT_CONVERSION = YES;
				CLANG_WARN_DEPRECATED_OBJC_IMPLEMENTATIONS = YES;
				CLANG_WARN_DIRECT_OBJC_ISA_USAGE = YES_ERROR;
				CLANG_WARN_DOCUMENTATION_COMMENTS = YES;
				CLANG_WARN_EMPTY_BODY = YES;
				CLANG_WARN_ENUM_CONVERSION = YES;
				CLANG_WARN_INFINITE_RECURSION = YES;
				CLANG_WARN_INT_CONVERSION = YES;
				CLANG_WARN_NON_LITERAL_NULL_CONVERSION = YES;
				CLANG_WARN_OBJC_IMPLICIT_RETAIN_SELF = YES;
				CLANG_WARN_OBJC_LITERAL_CONVERSION = YES;
				CLANG_WARN_OBJC_ROOT_CLASS = YES_ERROR;
				CLANG_WARN_RANGE_LOOP_ANALYSIS = YES;
				CLANG_WARN_STRICT_PROTOTYPES = YES;
				CLANG_WARN_SUSPICIOUS_MOVE = YES;
				CLANG_WARN_UNGUARDED_AVAILABILITY = YES_AGGRESSIVE;
				CLANG_WARN_UNREACHABLE_CODE = YES;
				CLANG_WARN__DUPLICATE_METHOD_MATCH = YES;
				COPY_PHASE_STRIP = NO;
				DEBUG_INFORMATION_FORMAT = "dwarf-with-dsym";
				ENABLE_NS_ASSERTIONS = NO;
				ENABLE_STRICT_OBJC_MSGSEND = YES;
				GCC_C_LANGUAGE_STANDARD = gnu11;
				GCC_NO_COMMON_BLOCKS = YES;
				GCC_WARN_64_TO_32_BIT_CONVERSION = YES;
				GCC_WARN_ABOUT_RETURN_TYPE = YES_ERROR;
				GCC_WARN_UNDECLARED_SELECTOR = YES;
				GCC_WARN_UNINITIALIZED_AUTOS = YES_AGGRESSIVE;
				GCC_WARN_UNUSED_FUNCTION = YES;
				GCC_WARN_UNUSED_VARIABLE = YES;
				IPHONEOS_DEPLOYMENT_TARGET = 11.0;
				MTL_ENABLE_DEBUG_INFO = NO;
				MTL_FAST_MATH = YES;
				SDKROOT = appletvos;
				SWIFT_COMPILATION_MODE = wholemodule;
				SWIFT_OPTIMIZATION_LEVEL = "-O";
				TVOS_DEPLOYMENT_TARGET = 12.0;
				VALIDATE_PRODUCT = YES;
			};
			name = Release;
		};
		99AC09602174E6B300CFCAD0 /* Debug */ = {
			isa = XCBuildConfiguration;
			baseConfigurationReference = 72BBBBE98CED0A3235ECE0E3 /* Pods-Viewer.debug.xcconfig */;
			buildSettings = {
				ASSETCATALOG_COMPILER_APPICON_NAME = "App Icon & Top Shelf Image";
				ASSETCATALOG_COMPILER_LAUNCHIMAGE_NAME = "Launch Image";
				CODE_SIGN_ENTITLEMENTS = Viewer/Viewer.entitlements;
				CODE_SIGN_IDENTITY = "iPhone Developer";
				CODE_SIGN_STYLE = Automatic;
				DEVELOPMENT_TEAM = 5QJLL8HM6C;
				INFOPLIST_FILE = Viewer/Info.plist;
				LD_RUNPATH_SEARCH_PATHS = (
					"$(inherited)",
					"@executable_path/Frameworks",
				);
				PRODUCT_BUNDLE_IDENTIFIER = com.TeamRogue.Viewer;
				PRODUCT_NAME = "$(TARGET_NAME)";
				PROVISIONING_PROFILE_SPECIFIER = "";
				SWIFT_VERSION = 4.2;
				TARGETED_DEVICE_FAMILY = 3;
				TVOS_DEPLOYMENT_TARGET = 11.0;
			};
			name = Debug;
		};
		99AC09612174E6B300CFCAD0 /* Release */ = {
			isa = XCBuildConfiguration;
			baseConfigurationReference = D525920A7C7FDA427B50547A /* Pods-Viewer.release.xcconfig */;
			buildSettings = {
				ASSETCATALOG_COMPILER_APPICON_NAME = "App Icon & Top Shelf Image";
				ASSETCATALOG_COMPILER_LAUNCHIMAGE_NAME = "Launch Image";
				CODE_SIGN_ENTITLEMENTS = Viewer/Viewer.entitlements;
				CODE_SIGN_IDENTITY = "iPhone Developer";
				CODE_SIGN_STYLE = Automatic;
				DEVELOPMENT_TEAM = 5QJLL8HM6C;
				INFOPLIST_FILE = Viewer/Info.plist;
				LD_RUNPATH_SEARCH_PATHS = (
					"$(inherited)",
					"@executable_path/Frameworks",
				);
				PRODUCT_BUNDLE_IDENTIFIER = com.TeamRogue.Viewer;
				PRODUCT_NAME = "$(TARGET_NAME)";
				PROVISIONING_PROFILE_SPECIFIER = "";
				SWIFT_VERSION = 4.2;
				TARGETED_DEVICE_FAMILY = 3;
				TVOS_DEPLOYMENT_TARGET = 11.0;
			};
			name = Release;
		};
		99AC09762174E9C200CFCAD0 /* Debug */ = {
			isa = XCBuildConfiguration;
			baseConfigurationReference = 601F4B5E7C5F3E12B6471F5D /* Pods-Viewer iOs.debug.xcconfig */;
			buildSettings = {
				ALWAYS_EMBED_SWIFT_STANDARD_LIBRARIES = YES;
				ASSETCATALOG_COMPILER_APPICON_NAME = AppIcon;
				CODE_SIGN_ENTITLEMENTS = "Viewer iOs/Viewer iOs.entitlements";
				CODE_SIGN_IDENTITY = "iPhone Developer";
				CODE_SIGN_STYLE = Automatic;
				DEVELOPMENT_TEAM = 5QJLL8HM6C;
				INFOPLIST_FILE = "Viewer iOs/Info.plist";
				IPHONEOS_DEPLOYMENT_TARGET = 11.0;
				LD_RUNPATH_SEARCH_PATHS = (
					"$(inherited)",
					"@executable_path/Frameworks",
				);
				PRODUCT_BUNDLE_IDENTIFIER = com.TeamRogue.Viewer.iOS;
				PRODUCT_NAME = "$(TARGET_NAME)";
				SDKROOT = iphoneos;
				SWIFT_ENABLE_BATCH_MODE = NO;
				SWIFT_VERSION = 4.2;
				TARGETED_DEVICE_FAMILY = "1,2";
			};
			name = Debug;
		};
		99AC09772174E9C200CFCAD0 /* Release */ = {
			isa = XCBuildConfiguration;
			baseConfigurationReference = 24AED3E0F51268D6EAB55BF0 /* Pods-Viewer iOs.release.xcconfig */;
			buildSettings = {
				ALWAYS_EMBED_SWIFT_STANDARD_LIBRARIES = YES;
				ASSETCATALOG_COMPILER_APPICON_NAME = AppIcon;
				CODE_SIGN_ENTITLEMENTS = "Viewer iOs/Viewer iOs.entitlements";
				CODE_SIGN_IDENTITY = "iPhone Developer";
				CODE_SIGN_STYLE = Automatic;
				DEVELOPMENT_TEAM = 5QJLL8HM6C;
				INFOPLIST_FILE = "Viewer iOs/Info.plist";
				IPHONEOS_DEPLOYMENT_TARGET = 11.0;
				LD_RUNPATH_SEARCH_PATHS = (
					"$(inherited)",
					"@executable_path/Frameworks",
				);
				PRODUCT_BUNDLE_IDENTIFIER = com.TeamRogue.Viewer.iOS;
				PRODUCT_NAME = "$(TARGET_NAME)";
				SDKROOT = iphoneos;
				SWIFT_ENABLE_BATCH_MODE = NO;
				SWIFT_VERSION = 4.2;
				TARGETED_DEVICE_FAMILY = "1,2";
			};
			name = Release;
		};
/* End XCBuildConfiguration section */

/* Begin XCConfigurationList section */
		99308B8121A6FAE500EA0F9C /* Build configuration list for PBXNativeTarget "ShareExtension" */ = {
			isa = XCConfigurationList;
			buildConfigurations = (
				99308B7F21A6FAE500EA0F9C /* Debug */,
				99308B8021A6FAE500EA0F9C /* Release */,
			);
			defaultConfigurationIsVisible = 0;
			defaultConfigurationName = Release;
		};
		99AC094B2174E6B100CFCAD0 /* Build configuration list for PBXProject "Viewer" */ = {
			isa = XCConfigurationList;
			buildConfigurations = (
				99AC095D2174E6B300CFCAD0 /* Debug */,
				99AC095E2174E6B300CFCAD0 /* Release */,
			);
			defaultConfigurationIsVisible = 0;
			defaultConfigurationName = Release;
		};
		99AC095F2174E6B300CFCAD0 /* Build configuration list for PBXNativeTarget "Viewer" */ = {
			isa = XCConfigurationList;
			buildConfigurations = (
				99AC09602174E6B300CFCAD0 /* Debug */,
				99AC09612174E6B300CFCAD0 /* Release */,
			);
			defaultConfigurationIsVisible = 0;
			defaultConfigurationName = Release;
		};
		99AC09752174E9C200CFCAD0 /* Build configuration list for PBXNativeTarget "Viewer iOs" */ = {
			isa = XCConfigurationList;
			buildConfigurations = (
				99AC09762174E9C200CFCAD0 /* Debug */,
				99AC09772174E9C200CFCAD0 /* Release */,
			);
			defaultConfigurationIsVisible = 0;
			defaultConfigurationName = Release;
		};
/* End XCConfigurationList section */
	};
	rootObject = 99AC09482174E6B100CFCAD0 /* Project object */;
}
